
Microsoft Visual Studio Solution File, Format Version 12.00
# Visual Studio Version 17
VisualStudioVersion = 17.10.35013.160
MinimumVisualStudioVersion = 10.0.40219.1
Project("{FAE04EC0-301F-11D3-BF4B-00C04F79EFBC}") = "Desafio1Andres_Rodriguez", "Desafio1Andres_Rodriguez.csproj", "{D069C623-3E08-48B0-97EE-30D8DE741529}"
EndProject
Global
	GlobalSection(SolutionConfigurationPlatforms) = preSolution
		Debug|Any CPU = Debug|Any CPU
		Release|Any CPU = Release|Any CPU
	EndGlobalSection
	GlobalSection(ProjectConfigurationPlatforms) = postSolution
		{D069C623-3E08-48B0-97EE-30D8DE741529}.Debug|Any CPU.ActiveCfg = Debug|Any CPU
		{D069C623-3E08-48B0-97EE-30D8DE741529}.Debug|Any CPU.Build.0 = Debug|Any CPU
		{D069C623-3E08-48B0-97EE-30D8DE741529}.Release|Any CPU.ActiveCfg = Release|Any CPU
		{D069C623-3E08-48B0-97EE-30D8DE741529}.Release|Any CPU.Build.0 = Release|Any CPU
	EndGlobalSection
	GlobalSection(SolutionProperties) = preSolution
		HideSolutionNode = FALSE
	EndGlobalSection
	GlobalSection(ExtensibilityGlobals) = postSolution
		SolutionGuid = {C9F1D070-BE00-444E-A1D6-3D2A7D439426}
	EndGlobalSection
EndGlobal
